
Microsoft Visual Studio Solution File, Format Version 12.00
# Visual Studio 15
VisualStudioVersion = 15.0.26430.16
MinimumVisualStudioVersion = 10.0.40219.1
Project("{FAE04EC0-301F-11D3-BF4B-00C04F79EFBC}") = "Supermarket", "Supermarket\Supermarket.csproj", "{76304FB0-C12E-4948-AFD3-42D11D87CB31}"
EndProject
Project("{FAE04EC0-301F-11D3-BF4B-00C04F79EFBC}") = "MiLibreria", "MiLibreria\MiLibreria.csproj", "{33BA9652-DFCE-475E-994E-3C72C42750EE}"
EndProject
Global
	GlobalSection(SolutionConfigurationPlatforms) = preSolution
		Debug|Any CPU = Debug|Any CPU
		Release|Any CPU = Release|Any CPU
	EndGlobalSection
	GlobalSection(ProjectConfigurationPlatforms) = postSolution
		{76304FB0-C12E-4948-AFD3-42D11D87CB31}.Debug|Any CPU.ActiveCfg = Debug|Any CPU
		{76304FB0-C12E-4948-AFD3-42D11D87CB31}.Debug|Any CPU.Build.0 = Debug|Any CPU
		{76304FB0-C12E-4948-AFD3-42D11D87CB31}.Release|Any CPU.ActiveCfg = Release|Any CPU
		{76304FB0-C12E-4948-AFD3-42D11D87CB31}.Release|Any CPU.Build.0 = Release|Any CPU
		{33BA9652-DFCE-475E-994E-3C72C42750EE}.Debug|Any CPU.ActiveCfg = Debug|Any CPU
		{33BA9652-DFCE-475E-994E-3C72C42750EE}.Debug|Any CPU.Build.0 = Debug|Any CPU
		{33BA9652-DFCE-475E-994E-3C72C42750EE}.Release|Any CPU.ActiveCfg = Release|Any CPU
		{33BA9652-DFCE-475E-994E-3C72C42750EE}.Release|Any CPU.Build.0 = Release|Any CPU
	EndGlobalSection
	GlobalSection(SolutionProperties) = preSolution
		HideSolutionNode = FALSE
	EndGlobalSection
EndGlobal
